// !$*UTF8*$!
{
	archiveVersion = 1;
	classes = {
	};
	objectVersion = 77;
	objects = {

/* Begin PBXBuildFile section */
		15AFE1E2A1E46E0EC7785F0A /* IceometricsWidgets.appex in Embed App Extensions */ = {isa = PBXBuildFile; fileRef = 8E46AFAB43623B5A7B8F1F3E /* IceometricsWidgets.appex */; settings = {ATTRIBUTES = (RemoveHeadersOnCopy, ); }; };
		1923021025C01800314364EA /* Foundation.framework in Frameworks */ = {isa = PBXBuildFile; fileRef = 4D758900C37DE2EF63B86C26 /* Foundation.framework */; };
		38FF688B6226BB08AA077B53 /* TodaysGamesWidget.swift in Sources */ = {isa = PBXBuildFile; fileRef = 6D4EAE133F200D48222178B1 /* TodaysGamesWidget.swift */; };
		3EBB012F436138FB1DE516D7 /* WidgetSampleData.swift in Sources */ = {isa = PBXBuildFile; fileRef = A3BD1BA3B6A2F2E8A2E6E1B1 /* WidgetSampleData.swift */; };
		413FFA43C5B9CDACA6F9D5B4 /* DailyPieWidget.swift in Sources */ = {isa = PBXBuildFile; fileRef = EC4A07DF5ECCCCFFD30F9066 /* DailyPieWidget.swift */; };
		7EE0A15152D36F6D8D77AF8A /* WidgetModels.swift in Sources */ = {isa = PBXBuildFile; fileRef = 1C0E017A979EFCDA5B967775 /* WidgetModels.swift */; };
		E5E8801A9F57F2F11401EF2E /* IceometricsWidgetsBundle.swift in Sources */ = {isa = PBXBuildFile; fileRef = 7F61BF82392266A547057E3A /* IceometricsWidgetsBundle.swift */; };
		EB9C10D79174A1CAF5004845 /* TeamGameWidget.swift in Sources */ = {isa = PBXBuildFile; fileRef = 23EBFB7EBCB25771D886961F /* TeamGameWidget.swift */; };
/* End PBXBuildFile section */

/* Begin PBXContainerItemProxy section */
		089E0292306955EC00941B29 /* PBXContainerItemProxy */ = {
			isa = PBXContainerItemProxy;
			containerPortal = 089E027C306955EA00941B29 /* Project object */;
			proxyType = 1;
			remoteGlobalIDString = 089E0283306955EA00941B29;
			remoteInfo = Iceometrics;
		};
		089E029C306955EC00941B29 /* PBXContainerItemProxy */ = {
			isa = PBXContainerItemProxy;
			containerPortal = 089E027C306955EA00941B29 /* Project object */;
			proxyType = 1;
			remoteGlobalIDString = 089E0283306955EA00941B29;
			remoteInfo = Iceometrics;
		};
		E571AF30831590E6C8B60988 /* PBXContainerItemProxy */ = {
			isa = PBXContainerItemProxy;
			containerPortal = 089E027C306955EA00941B29 /* Project object */;
			proxyType = 1;
			remoteGlobalIDString = AFE695B2FDBDC5CF5B745DE8;
			remoteInfo = IceometricsWidgets;
		};
/* End PBXContainerItemProxy section */

/* Begin PBXCopyFilesBuildPhase section */
		EB9814080EE907BECED9F7DC /* Embed App Extensions */ = {
			isa = PBXCopyFilesBuildPhase;
			buildActionMask = 2147483647;
			dstPath = "";
			dstSubfolderSpec = 13;
			files = (
				15AFE1E2A1E46E0EC7785F0A /* IceometricsWidgets.appex in Embed App Extensions */,
			);
			name = "Embed App Extensions";
			runOnlyForDeploymentPostprocessing = 0;
		};
/* End PBXCopyFilesBuildPhase section */

/* Begin PBXFileReference section */
		089E0284306955EA00941B29 /* Iceometrics.app */ = {isa = PBXFileReference; explicitFileType = wrapper.application; includeInIndex = 0; path = Iceometrics.app; sourceTree = BUILT_PRODUCTS_DIR; };
		089E0291306955EC00941B29 /* IceometricsTests.xctest */ = {isa = PBXFileReference; explicitFileType = wrapper.cfbundle; includeInIndex = 0; path = IceometricsTests.xctest; sourceTree = BUILT_PRODUCTS_DIR; };
		089E029B306955EC00941B29 /* IceometricsUITests.xctest */ = {isa = PBXFileReference; explicitFileType = wrapper.cfbundle; includeInIndex = 0; path = IceometricsUITests.xctest; sourceTree = BUILT_PRODUCTS_DIR; };
		1C0E017A979EFCDA5B967775 /* WidgetModels.swift */ = {isa = PBXFileReference; includeInIndex = 1; lastKnownFileType = sourcecode.swift; name = WidgetModels.swift; path = IceometricsWidgets/WidgetModels.swift; sourceTree = "<group>"; };
		23EBFB7EBCB25771D886961F /* TeamGameWidget.swift */ = {isa = PBXFileReference; includeInIndex = 1; lastKnownFileType = sourcecode.swift; name = TeamGameWidget.swift; path = IceometricsWidgets/TeamGameWidget.swift; sourceTree = "<group>"; };
		4D758900C37DE2EF63B86C26 /* Foundation.framework */ = {isa = PBXFileReference; lastKnownFileType = wrapper.framework; name = Foundation.framework; path = Platforms/iPhoneOS.platform/Developer/SDKs/iPhoneOS26.0.sdk/System/Library/Frameworks/Foundation.framework; sourceTree = DEVELOPER_DIR; };
		6D4EAE133F200D48222178B1 /* TodaysGamesWidget.swift */ = {isa = PBXFileReference; includeInIndex = 1; lastKnownFileType = sourcecode.swift; name = TodaysGamesWidget.swift; path = IceometricsWidgets/TodaysGamesWidget.swift; sourceTree = "<group>"; };
		7F61BF82392266A547057E3A /* IceometricsWidgetsBundle.swift */ = {isa = PBXFileReference; includeInIndex = 1; lastKnownFileType = sourcecode.swift; name = IceometricsWidgetsBundle.swift; path = IceometricsWidgets/IceometricsWidgetsBundle.swift; sourceTree = "<group>"; };
		8E46AFAB43623B5A7B8F1F3E /* IceometricsWidgets.appex */ = {isa = PBXFileReference; explicitFileType = "wrapper.app-extension"; includeInIndex = 0; path = IceometricsWidgets.appex; sourceTree = BUILT_PRODUCTS_DIR; };
		A3BD1BA3B6A2F2E8A2E6E1B1 /* WidgetSampleData.swift */ = {isa = PBXFileReference; includeInIndex = 1; lastKnownFileType = sourcecode.swift; name = WidgetSampleData.swift; path = IceometricsWidgets/WidgetSampleData.swift; sourceTree = "<group>"; };
		EC4A07DF5ECCCCFFD30F9066 /* DailyPieWidget.swift */ = {isa = PBXFileReference; includeInIndex = 1; lastKnownFileType = sourcecode.swift; name = DailyPieWidget.swift; path = IceometricsWidgets/DailyPieWidget.swift; sourceTree = "<group>"; };
/* End PBXFileReference section */

/* Begin PBXFileSystemSynchronizedRootGroup section */
		089E0286306955EA00941B29 /* Iceometrics */ = {
			isa = PBXFileSystemSynchronizedRootGroup;
			path = Iceometrics;
			sourceTree = "<group>";
		};
		089E0294306955EC00941B29 /* IceometricsTests */ = {
			isa = PBXFileSystemSynchronizedRootGroup;
			path = IceometricsTests;
			sourceTree = "<group>";
		};
		089E029E306955EC00941B29 /* IceometricsUITests */ = {
			isa = PBXFileSystemSynchronizedRootGroup;
			path = IceometricsUITests;
			sourceTree = "<group>";
		};
/* End PBXFileSystemSynchronizedRootGroup section */

/* Begin PBXFrameworksBuildPhase section */
		089E0281306955EA00941B29 /* Frameworks */ = {
			isa = PBXFrameworksBuildPhase;
			buildActionMask = 2147483647;
			files = (
			);
			runOnlyForDeploymentPostprocessing = 0;
		};
		089E028E306955EC00941B29 /* Frameworks */ = {
			isa = PBXFrameworksBuildPhase;
			buildActionMask = 2147483647;
			files = (
			);
			runOnlyForDeploymentPostprocessing = 0;
		};
		089E0298306955EC00941B29 /* Frameworks */ = {
			isa = PBXFrameworksBuildPhase;
			buildActionMask = 2147483647;
			files = (
			);
			runOnlyForDeploymentPostprocessing = 0;
		};
		7F9519B3F201570893D1EF1C /* Frameworks */ = {
			isa = PBXFrameworksBuildPhase;
			buildActionMask = 2147483647;
			files = (
				1923021025C01800314364EA /* Foundation.framework in Frameworks */,
			);
			runOnlyForDeploymentPostprocessing = 0;
		};
/* End PBXFrameworksBuildPhase section */

/* Begin PBXGroup section */
		089E027B306955EA00941B29 = {
			isa = PBXGroup;
			children = (
				089E0286306955EA00941B29 /* Iceometrics */,
				089E0294306955EC00941B29 /* IceometricsTests */,
				089E029E306955EC00941B29 /* IceometricsUITests */,
				089E0285306955EA00941B29 /* Products */,
				6AB8029B6D689A1167398A5C /* Frameworks */,
				714200DED225C73CDA772BEB /* IceometricsWidgets */,
			);
			sourceTree = "<group>";
		};
		089E0285306955EA00941B29 /* Products */ = {
			isa = PBXGroup;
			children = (
				089E0284306955EA00941B29 /* Iceometrics.app */,
				089E0291306955EC00941B29 /* IceometricsTests.xctest */,
				089E029B306955EC00941B29 /* IceometricsUITests.xctest */,
				8E46AFAB43623B5A7B8F1F3E /* IceometricsWidgets.appex */,
			);
			name = Products;
			sourceTree = "<group>";
		};
		2A8B96AC6AAE362463BC5BA4 /* iOS */ = {
			isa = PBXGroup;
			children = (
				4D758900C37DE2EF63B86C26 /* Foundation.framework */,
			);
			name = iOS;
			sourceTree = "<group>";
		};
		6AB8029B6D689A1167398A5C /* Frameworks */ = {
			isa = PBXGroup;
			children = (
				2A8B96AC6AAE362463BC5BA4 /* iOS */,
			);
			name = Frameworks;
			sourceTree = "<group>";
		};
		714200DED225C73CDA772BEB /* IceometricsWidgets */ = {
			isa = PBXGroup;
			children = (
				7F61BF82392266A547057E3A /* IceometricsWidgetsBundle.swift */,
				1C0E017A979EFCDA5B967775 /* WidgetModels.swift */,
				A3BD1BA3B6A2F2E8A2E6E1B1 /* WidgetSampleData.swift */,
				EC4A07DF5ECCCCFFD30F9066 /* DailyPieWidget.swift */,
				23EBFB7EBCB25771D886961F /* TeamGameWidget.swift */,
				6D4EAE133F200D48222178B1 /* TodaysGamesWidget.swift */,
			);
			name = IceometricsWidgets;
			sourceTree = "<group>";
		};
/* End PBXGroup section */

/* Begin PBXNativeTarget section */
		089E0283306955EA00941B29 /* Iceometrics */ = {
			isa = PBXNativeTarget;
			buildConfigurationList = 089E02A3306955EC00941B29 /* Build configuration list for PBXNativeTarget "Iceometrics" */;
			buildPhases = (
				089E0280306955EA00941B29 /* Sources */,
				089E0281306955EA00941B29 /* Frameworks */,
				089E0282306955EA00941B29 /* Resources */,
				EB9814080EE907BECED9F7DC /* Embed App Extensions */,
			);
			buildRules = (
			);
			dependencies = (
				0EDA014A80C27F1A9C881706 /* PBXTargetDependency */,
			);
			fileSystemSynchronizedGroups = (
				089E0286306955EA00941B29 /* Iceometrics */,
			);
			name = Iceometrics;
			productName = Iceometrics;
			productReference = 089E0284306955EA00941B29 /* Iceometrics.app */;
			productType = "com.apple.product-type.application";
		};
		089E0290306955EC00941B29 /* IceometricsTests */ = {
			isa = PBXNativeTarget;
			buildConfigurationList = 089E02A6306955EC00941B29 /* Build configuration list for PBXNativeTarget "IceometricsTests" */;
			buildPhases = (
				089E028D306955EC00941B29 /* Sources */,
				089E028E306955EC00941B29 /* Frameworks */,
				089E028F306955EC00941B29 /* Resources */,
			);
			buildRules = (
			);
			dependencies = (
				089E0293306955EC00941B29 /* PBXTargetDependency */,
			);
			fileSystemSynchronizedGroups = (
				089E0294306955EC00941B29 /* IceometricsTests */,
			);
			name = IceometricsTests;
			productName = IceometricsTests;
			productReference = 089E0291306955EC00941B29 /* IceometricsTests.xctest */;
			productType = "com.apple.product-type.bundle.unit-test";
		};
		089E029A306955EC00941B29 /* IceometricsUITests */ = {
			isa = PBXNativeTarget;
			buildConfigurationList = 089E02A9306955EC00941B29 /* Build configuration list for PBXNativeTarget "IceometricsUITests" */;
			buildPhases = (
				089E0297306955EC00941B29 /* Sources */,
				089E0298306955EC00941B29 /* Frameworks */,
				089E0299306955EC00941B29 /* Resources */,
			);
			buildRules = (
			);
			dependencies = (
				089E029D306955EC00941B29 /* PBXTargetDependency */,
			);
			fileSystemSynchronizedGroups = (
				089E029E306955EC00941B29 /* IceometricsUITests */,
			);
			name = IceometricsUITests;
			productName = IceometricsUITests;
			productReference = 089E029B306955EC00941B29 /* IceometricsUITests.xctest */;
			productType = "com.apple.product-type.bundle.ui-testing";
		};
		AFE695B2FDBDC5CF5B745DE8 /* IceometricsWidgets */ = {
			isa = PBXNativeTarget;
			buildConfigurationList = 2E156621D791A4AF2DD1B2BE /* Build configuration list for PBXNativeTarget "IceometricsWidgets" */;
			buildPhases = (
				F18DE82AA88A7639DE3CE9DF /* Sources */,
				7F9519B3F201570893D1EF1C /* Frameworks */,
				2990603D8B9232EC82F51D61 /* Resources */,
			);
			buildRules = (
			);
			dependencies = (
			);
			name = IceometricsWidgets;
			productName = IceometricsWidgets;
			productReference = 8E46AFAB43623B5A7B8F1F3E /* IceometricsWidgets.appex */;
			productType = "com.apple.product-type.app-extension";
		};
/* End PBXNativeTarget section */

/* Begin PBXProject section */
		089E027C306955EA00941B29 /* Project object */ = {
			isa = PBXProject;
			attributes = {
				BuildIndependentTargetsInParallel = 1;
				LastSwiftUpdateCheck = 2700;
				LastUpgradeCheck = 2700;
				TargetAttributes = {
					089E0283306955EA00941B29 = {
						CreatedOnToolsVersion = 27.0;
						SystemCapabilities = {
							com.apple.ApplicationGroups.iOS = {
								enabled = 1;
							};
						};
					};
					089E0290306955EC00941B29 = {
						CreatedOnToolsVersion = 27.0;
						TestTargetID = 089E0283306955EA00941B29;
					};
					089E029A306955EC00941B29 = {
						CreatedOnToolsVersion = 27.0;
						TestTargetID = 089E0283306955EA00941B29;
					};
					AFE695B2FDBDC5CF5B745DE8 = {
						SystemCapabilities = {
							com.apple.ApplicationGroups.iOS = {
								enabled = 1;
							};
						};
					};
				};
			};
			buildConfigurationList = 089E027F306955EA00941B29 /* Build configuration list for PBXProject "Iceometrics" */;
			developmentRegion = en;
			hasScannedForEncodings = 0;
			knownRegions = (
				en,
				Base,
			);
			mainGroup = 089E027B306955EA00941B29;
			minimizedProjectReferenceProxies = 1;
			preferredProjectObjectVersion = 77;
			productRefGroup = 089E0285306955EA00941B29 /* Products */;
			projectDirPath = "";
			projectRoot = "";
			targets = (
				089E0283306955EA00941B29 /* Iceometrics */,
				089E0290306955EC00941B29 /* IceometricsTests */,
				089E029A306955EC00941B29 /* IceometricsUITests */,
				AFE695B2FDBDC5CF5B745DE8 /* IceometricsWidgets */,
			);
		};
/* End PBXProject section */

/* Begin PBXResourcesBuildPhase section */
		089E0282306955EA00941B29 /* Resources */ = {
			isa = PBXResourcesBuildPhase;
			buildActionMask = 2147483647;
			files = (
			);
			runOnlyForDeploymentPostprocessing = 0;
		};
		089E028F306955EC00941B29 /* Resources */ = {
			isa = PBXResourcesBuildPhase;
			buildActionMask = 2147483647;
			files = (
			);
			runOnlyForDeploymentPostprocessing = 0;
		};
		089E0299306955EC00941B29 /* Resources */ = {
			isa = PBXResourcesBuildPhase;
			buildActionMask = 2147483647;
			files = (
			);
			runOnlyForDeploymentPostprocessing = 0;
		};
		2990603D8B9232EC82F51D61 /* Resources */ = {
			isa = PBXResourcesBuildPhase;
			buildActionMask = 2147483647;
			files = (
			);
			runOnlyForDeploymentPostprocessing = 0;
		};
/* End PBXResourcesBuildPhase section */

/* Begin PBXSourcesBuildPhase section */
		089E0280306955EA00941B29 /* Sources */ = {
			isa = PBXSourcesBuildPhase;
			buildActionMask = 2147483647;
			files = (
			);
			runOnlyForDeploymentPostprocessing = 0;
		};
		089E028D306955EC00941B29 /* Sources */ = {
			isa = PBXSourcesBuildPhase;
			buildActionMask = 2147483647;
			files = (
			);
			runOnlyForDeploymentPostprocessing = 0;
		};
		089E0297306955EC00941B29 /* Sources */ = {
			isa = PBXSourcesBuildPhase;
			buildActionMask = 2147483647;
			files = (
			);
			runOnlyForDeploymentPostprocessing = 0;
		};
		F18DE82AA88A7639DE3CE9DF /* Sources */ = {
			isa = PBXSourcesBuildPhase;
			buildActionMask = 2147483647;
			files = (
				E5E8801A9F57F2F11401EF2E /* IceometricsWidgetsBundle.swift in Sources */,
				7EE0A15152D36F6D8D77AF8A /* WidgetModels.swift in Sources */,
				3EBB012F436138FB1DE516D7 /* WidgetSampleData.swift in Sources */,
				413FFA43C5B9CDACA6F9D5B4 /* DailyPieWidget.swift in Sources */,
				EB9C10D79174A1CAF5004845 /* TeamGameWidget.swift in Sources */,
				38FF688B6226BB08AA077B53 /* TodaysGamesWidget.swift in Sources */,
			);
			runOnlyForDeploymentPostprocessing = 0;
		};
/* End PBXSourcesBuildPhase section */

/* Begin PBXTargetDependency section */
		089E0293306955EC00941B29 /* PBXTargetDependency */ = {
			isa = PBXTargetDependency;
			target = 089E0283306955EA00941B29 /* Iceometrics */;
			targetProxy = 089E0292306955EC00941B29 /* PBXContainerItemProxy */;
		};
		089E029D306955EC00941B29 /* PBXTargetDependency */ = {
			isa = PBXTargetDependency;
			target = 089E0283306955EA00941B29 /* Iceometrics */;
			targetProxy = 089E029C306955EC00941B29 /* PBXContainerItemProxy */;
		};
		0EDA014A80C27F1A9C881706 /* PBXTargetDependency */ = {
			isa = PBXTargetDependency;
			name = IceometricsWidgets;
			target = AFE695B2FDBDC5CF5B745DE8 /* IceometricsWidgets */;
			targetProxy = E571AF30831590E6C8B60988 /* PBXContainerItemProxy */;
		};
/* End PBXTargetDependency section */

/* Begin XCBuildConfiguration section */
		089E02A1306955EC00941B29 /* Debug */ = {
			isa = XCBuildConfiguration;
			buildSettings = {
				ALWAYS_SEARCH_USER_PATHS = NO;
				ASSETCATALOG_COMPILER_GENERATE_SWIFT_ASSET_SYMBOL_EXTENSIONS = YES;
				CLANG_ANALYZER_NONNULL = YES;
				CLANG_ANALYZER_NUMBER_OBJECT_CONVERSION = YES_AGGRESSIVE;
				CLANG_CXX_LANGUAGE_STANDARD = "gnu++20";
				CLANG_ENABLE_MODULES = YES;
				CLANG_ENABLE_OBJC_ARC = YES;
				CLANG_ENABLE_OBJC_WEAK = YES;
				CLANG_WARN_BLOCK_CAPTURE_AUTORELEASING = YES;
				CLANG_WARN_BOOL_CONVERSION = YES;
				CLANG_WARN_COMMA = YES;
				CLANG_WARN_CONSTANT_CONVERSION = YES;
				CLANG_WARN_DEPRECATED_OBJC_IMPLEMENTATIONS = YES;
				CLANG_WARN_DIRECT_OBJC_ISA_USAGE = YES_ERROR;
				CLANG_WARN_DOCUMENTATION_COMMENTS = YES;
				CLANG_WARN_EMPTY_BODY = YES;
				CLANG_WARN_ENUM_CONVERSION = YES;
				CLANG_WARN_INFINITE_RECURSION = YES;
				CLANG_WARN_INT_CONVERSION = YES;
				CLANG_WARN_NON_LITERAL_NULL_CONVERSION = YES;
				CLANG_WARN_OBJC_IMPLICIT_RETAIN_SELF = YES;
				CLANG_WARN_OBJC_LITERAL_CONVERSION = YES;
				CLANG_WARN_OBJC_ROOT_CLASS = YES_ERROR;
				CLANG_WARN_QUOTED_INCLUDE_IN_FRAMEWORK_HEADER = YES;
				CLANG_WARN_RANGE_LOOP_ANALYSIS = YES;
				CLANG_WARN_STRICT_PROTOTYPES = YES;
				CLANG_WARN_SUSPICIOUS_MOVE = YES;
				CLANG_WARN_UNGUARDED_AVAILABILITY = YES_AGGRESSIVE;
				CLANG_WARN_UNREACHABLE_CODE = YES;
				CLANG_WARN__DUPLICATE_METHOD_MATCH = YES;
				COPY_PHASE_STRIP = NO;
				DEBUG_INFORMATION_FORMAT = dwarf;
				DEVELOPMENT_TEAM = SX7R48K5CQ;
				ENABLE_STRICT_OBJC_MSGSEND = YES;
				ENABLE_TESTABILITY = YES;
				ENABLE_USER_SCRIPT_SANDBOXING = YES;
				GCC_C_LANGUAGE_STANDARD = gnu17;
				GCC_DYNAMIC_NO_PIC = NO;
				GCC_NO_COMMON_BLOCKS = YES;
				GCC_OPTIMIZATION_LEVEL = 0;
				GCC_PREPROCESSOR_DEFINITIONS = (
					"DEBUG=1",
					"$(inherited)",
				);
				GCC_WARN_64_TO_32_BIT_CONVERSION = YES;
				GCC_WARN_ABOUT_RETURN_TYPE = YES_ERROR;
				GCC_WARN_UNDECLARED_SELECTOR = YES;
				GCC_WARN_UNINITIALIZED_AUTOS = YES_AGGRESSIVE;
				GCC_WARN_UNUSED_FUNCTION = YES;
				GCC_WARN_UNUSED_VARIABLE = YES;
				LOCALIZATION_PREFERS_STRING_CATALOGS = YES;
				MTL_ENABLE_DEBUG_INFO = INCLUDE_SOURCE;
				MTL_FAST_MATH = YES;
				ONLY_ACTIVE_ARCH = YES;
				SWIFT_ACTIVE_COMPILATION_CONDITIONS = "DEBUG $(inherited)";
				SWIFT_OPTIMIZATION_LEVEL = "-Onone";
			};
			name = Debug;
		};
		089E02A2306955EC00941B29 /* Release */ = {
			isa = XCBuildConfiguration;
			buildSettings = {
				ALWAYS_SEARCH_USER_PATHS = NO;
				ASSETCATALOG_COMPILER_GENERATE_SWIFT_ASSET_SYMBOL_EXTENSIONS = YES;
				CLANG_ANALYZER_NONNULL = YES;
				CLANG_ANALYZER_NUMBER_OBJECT_CONVERSION = YES_AGGRESSIVE;
				CLANG_CXX_LANGUAGE_STANDARD = "gnu++20";
				CLANG_ENABLE_MODULES = YES;
				CLANG_ENABLE_OBJC_ARC = YES;
				CLANG_ENABLE_OBJC_WEAK = YES;
				CLANG_WARN_BLOCK_CAPTURE_AUTORELEASING = YES;
				CLANG_WARN_BOOL_CONVERSION = YES;
				CLANG_WARN_COMMA = YES;
				CLANG_WARN_CONSTANT_CONVERSION = YES;
				CLANG_WARN_DEPRECATED_OBJC_IMPLEMENTATIONS = YES;
				CLANG_WARN_DIRECT_OBJC_ISA_USAGE = YES_ERROR;
				CLANG_WARN_DOCUMENTATION_COMMENTS = YES;
				CLANG_WARN_EMPTY_BODY = YES;
				CLANG_WARN_ENUM_CONVERSION = YES;
				CLANG_WARN_INFINITE_RECURSION = YES;
				CLANG_WARN_INT_CONVERSION = YES;
				CLANG_WARN_NON_LITERAL_NULL_CONVERSION = YES;
				CLANG_WARN_OBJC_IMPLICIT_RETAIN_SELF = YES;
				CLANG_WARN_OBJC_LITERAL_CONVERSION = YES;
				CLANG_WARN_OBJC_ROOT_CLASS = YES_ERROR;
				CLANG_WARN_QUOTED_INCLUDE_IN_FRAMEWORK_HEADER = YES;
				CLANG_WARN_RANGE_LOOP_ANALYSIS = YES;
				CLANG_WARN_STRICT_PROTOTYPES = YES;
				CLANG_WARN_SUSPICIOUS_MOVE = YES;
				CLANG_WARN_UNGUARDED_AVAILABILITY = YES_AGGRESSIVE;
				CLANG_WARN_UNREACHABLE_CODE = YES;
				CLANG_WARN__DUPLICATE_METHOD_MATCH = YES;
				COPY_PHASE_STRIP = NO;
				DEBUG_INFORMATION_FORMAT = "dwarf-with-dsym";
				DEVELOPMENT_TEAM = SX7R48K5CQ;
				ENABLE_NS_ASSERTIONS = NO;
				ENABLE_STRICT_OBJC_MSGSEND = YES;
				ENABLE_USER_SCRIPT_SANDBOXING = YES;
				GCC_C_LANGUAGE_STANDARD = gnu17;
				GCC_NO_COMMON_BLOCKS = YES;
				GCC_WARN_64_TO_32_BIT_CONVERSION = YES;
				GCC_WARN_ABOUT_RETURN_TYPE = YES_ERROR;
				GCC_WARN_UNDECLARED_SELECTOR = YES;
				GCC_WARN_UNINITIALIZED_AUTOS = YES_AGGRESSIVE;
				GCC_WARN_UNUSED_FUNCTION = YES;
				GCC_WARN_UNUSED_VARIABLE = YES;
				LOCALIZATION_PREFERS_STRING_CATALOGS = YES;
				MTL_ENABLE_DEBUG_INFO = NO;
				MTL_FAST_MATH = YES;
				SWIFT_COMPILATION_MODE = wholemodule;
			};
			name = Release;
		};
		089E02A4306955EC00941B29 /* Debug */ = {
			isa = XCBuildConfiguration;
			buildSettings = {
				ASSETCATALOG_COMPILER_APPICON_NAME = AppIcon;
				ASSETCATALOG_COMPILER_GLOBAL_ACCENT_COLOR_NAME = AccentColor;
				CODE_SIGN_ENTITLEMENTS = Iceometrics/Iceometrics.entitlements;
				CODE_SIGN_STYLE = Automatic;
				CURRENT_PROJECT_VERSION = 1;
				DEVELOPMENT_TEAM = SX7R48K5CQ;
				ENABLE_APP_SANDBOX = YES;
				ENABLE_HARDENED_RUNTIME = YES;
				ENABLE_INCOMING_NETWORK_CONNECTIONS = NO;
				ENABLE_OUTGOING_NETWORK_CONNECTIONS = YES;
				ENABLE_PREVIEWS = YES;
				ENABLE_RESOURCE_ACCESS_AUDIO_INPUT = NO;
				ENABLE_RESOURCE_ACCESS_BLUETOOTH = NO;
				ENABLE_RESOURCE_ACCESS_CALENDARS = NO;
				ENABLE_RESOURCE_ACCESS_CAMERA = NO;
				ENABLE_RESOURCE_ACCESS_CONTACTS = NO;
				ENABLE_RESOURCE_ACCESS_LOCATION = NO;
				ENABLE_RESOURCE_ACCESS_PRINTING = NO;
				ENABLE_RESOURCE_ACCESS_USB = NO;
				ENABLE_USER_SELECTED_FILES = readonly;
				GENERATE_INFOPLIST_FILE = YES;
				INFOPLIST_KEY_CFBundleURLTypes = "({CFBundleTypeRole=Editor;CFBundleURLName=com.akappy.Iceometrics;CFBundleURLSchemes=(iceometrics);})";
				"INFOPLIST_KEY_UIApplicationSceneManifest_Generation[sdk=iphoneos*]" = YES;
				"INFOPLIST_KEY_UIApplicationSceneManifest_Generation[sdk=iphonesimulator*]" = YES;
				"INFOPLIST_KEY_UIApplicationSupportsIndirectInputEvents[sdk=iphoneos*]" = YES;
				"INFOPLIST_KEY_UIApplicationSupportsIndirectInputEvents[sdk=iphonesimulator*]" = YES;
				"INFOPLIST_KEY_UILaunchScreen_Generation[sdk=iphoneos*]" = YES;
				"INFOPLIST_KEY_UILaunchScreen_Generation[sdk=iphonesimulator*]" = YES;
				"INFOPLIST_KEY_UIStatusBarStyle[sdk=iphoneos*]" = UIStatusBarStyleDefault;
				"INFOPLIST_KEY_UIStatusBarStyle[sdk=iphonesimulator*]" = UIStatusBarStyleDefault;
				INFOPLIST_KEY_UISupportedInterfaceOrientations_iPad = "UIInterfaceOrientationPortrait UIInterfaceOrientationPortraitUpsideDown UIInterfaceOrientationLandscapeLeft UIInterfaceOrientationLandscapeRight";
				INFOPLIST_KEY_UISupportedInterfaceOrientations_iPhone = "UIInterfaceOrientationPortrait UIInterfaceOrientationLandscapeLeft UIInterfaceOrientationLandscapeRight";
				IPHONEOS_DEPLOYMENT_TARGET = 18.6;
				LD_RUNPATH_SEARCH_PATHS = "@executable_path/Frameworks";
				"LD_RUNPATH_SEARCH_PATHS[sdk=macosx*]" = "@executable_path/../Frameworks";
				MACOSX_DEPLOYMENT_TARGET = 27.0;
				MARKETING_VERSION = 1.0;
				PRODUCT_BUNDLE_IDENTIFIER = com.akappy.Iceometrics;
				PRODUCT_NAME = "$(TARGET_NAME)";
				REGISTER_APP_GROUPS = YES;
				SDKROOT = auto;
				STRING_CATALOG_GENERATE_SYMBOLS = YES;
				SUPPORTED_PLATFORMS = "iphoneos iphonesimulator macosx xros xrsimulator";
				SWIFT_APPROACHABLE_CONCURRENCY = YES;
				SWIFT_DEFAULT_ACTOR_ISOLATION = MainActor;
				SWIFT_EMIT_LOC_STRINGS = YES;
				SWIFT_UPCOMING_FEATURE_MEMBER_IMPORT_VISIBILITY = YES;
				SWIFT_VERSION = 5.0;
				TARGETED_DEVICE_FAMILY = "1,2,7";
				XROS_DEPLOYMENT_TARGET = 27.0;
			};
			name = Debug;
		};
		089E02A5306955EC00941B29 /* Release */ = {
			isa = XCBuildConfiguration;
			buildSettings = {
				ASSETCATALOG_COMPILER_APPICON_NAME = AppIcon;
				ASSETCATALOG_COMPILER_GLOBAL_ACCENT_COLOR_NAME = AccentColor;
				CODE_SIGN_ENTITLEMENTS = Iceometrics/Iceometrics.entitlements;
				CODE_SIGN_STYLE = Automatic;
				CURRENT_PROJECT_VERSION = 1;
				DEVELOPMENT_TEAM = SX7R48K5CQ;
				ENABLE_APP_SANDBOX = YES;
				ENABLE_HARDENED_RUNTIME = YES;
				ENABLE_INCOMING_NETWORK_CONNECTIONS = NO;
				ENABLE_OUTGOING_NETWORK_CONNECTIONS = YES;
				ENABLE_PREVIEWS = YES;
				ENABLE_RESOURCE_ACCESS_AUDIO_INPUT = NO;
				ENABLE_RESOURCE_ACCESS_BLUETOOTH = NO;
				ENABLE_RESOURCE_ACCESS_CALENDARS = NO;
				ENABLE_RESOURCE_ACCESS_CAMERA = NO;
				ENABLE_RESOURCE_ACCESS_CONTACTS = NO;
				ENABLE_RESOURCE_ACCESS_LOCATION = NO;
				ENABLE_RESOURCE_ACCESS_PRINTING = NO;
				ENABLE_RESOURCE_ACCESS_USB = NO;
				ENABLE_USER_SELECTED_FILES = readonly;
				GENERATE_INFOPLIST_FILE = YES;
				INFOPLIST_KEY_CFBundleURLTypes = "({CFBundleTypeRole=Editor;CFBundleURLName=com.akappy.Iceometrics;CFBundleURLSchemes=(iceometrics);})";
				"INFOPLIST_KEY_UIApplicationSceneManifest_Generation[sdk=iphoneos*]" = YES;
				"INFOPLIST_KEY_UIApplicationSceneManifest_Generation[sdk=iphonesimulator*]" = YES;
				"INFOPLIST_KEY_UIApplicationSupportsIndirectInputEvents[sdk=iphoneos*]" = YES;
				"INFOPLIST_KEY_UIApplicationSupportsIndirectInputEvents[sdk=iphonesimulator*]" = YES;
				"INFOPLIST_KEY_UILaunchScreen_Generation[sdk=iphoneos*]" = YES;
				"INFOPLIST_KEY_UILaunchScreen_Generation[sdk=iphonesimulator*]" = YES;
				"INFOPLIST_KEY_UIStatusBarStyle[sdk=iphoneos*]" = UIStatusBarStyleDefault;
				"INFOPLIST_KEY_UIStatusBarStyle[sdk=iphonesimulator*]" = UIStatusBarStyleDefault;
				INFOPLIST_KEY_UISupportedInterfaceOrientations_iPad = "UIInterfaceOrientationPortrait UIInterfaceOrientationPortraitUpsideDown UIInterfaceOrientationLandscapeLeft UIInterfaceOrientationLandscapeRight";
				INFOPLIST_KEY_UISupportedInterfaceOrientations_iPhone = "UIInterfaceOrientationPortrait UIInterfaceOrientationLandscapeLeft UIInterfaceOrientationLandscapeRight";
				IPHONEOS_DEPLOYMENT_TARGET = 18.6;
				LD_RUNPATH_SEARCH_PATHS = "@executable_path/Frameworks";
				"LD_RUNPATH_SEARCH_PATHS[sdk=macosx*]" = "@executable_path/../Frameworks";
				MACOSX_DEPLOYMENT_TARGET = 27.0;
				MARKETING_VERSION = 1.0;
				PRODUCT_BUNDLE_IDENTIFIER = com.akappy.Iceometrics;
				PRODUCT_NAME = "$(TARGET_NAME)";
				REGISTER_APP_GROUPS = YES;
				SDKROOT = auto;
				STRING_CATALOG_GENERATE_SYMBOLS = YES;
				SUPPORTED_PLATFORMS = "iphoneos iphonesimulator macosx xros xrsimulator";
				SWIFT_APPROACHABLE_CONCURRENCY = YES;
				SWIFT_DEFAULT_ACTOR_ISOLATION = MainActor;
				SWIFT_EMIT_LOC_STRINGS = YES;
				SWIFT_UPCOMING_FEATURE_MEMBER_IMPORT_VISIBILITY = YES;
				SWIFT_VERSION = 5.0;
				TARGETED_DEVICE_FAMILY = "1,2,7";
				XROS_DEPLOYMENT_TARGET = 27.0;
			};
			name = Release;
		};
		089E02A7306955EC00941B29 /* Debug */ = {
			isa = XCBuildConfiguration;
			buildSettings = {
				BUNDLE_LOADER = "$(TEST_HOST)";
				CODE_SIGN_STYLE = Automatic;
				CURRENT_PROJECT_VERSION = 1;
				DEVELOPMENT_TEAM = SX7R48K5CQ;
				GENERATE_INFOPLIST_FILE = YES;
				IPHONEOS_DEPLOYMENT_TARGET = 27.0;
				MACOSX_DEPLOYMENT_TARGET = 27.0;
				MARKETING_VERSION = 1.0;
				PRODUCT_BUNDLE_IDENTIFIER = com.akappy.IceometricsTests;
				PRODUCT_NAME = "$(TARGET_NAME)";
				SDKROOT = auto;
				STRING_CATALOG_GENERATE_SYMBOLS = NO;
				SUPPORTED_PLATFORMS = "iphoneos iphonesimulator macosx xros xrsimulator";
				SWIFT_APPROACHABLE_CONCURRENCY = YES;
				SWIFT_EMIT_LOC_STRINGS = NO;
				SWIFT_UPCOMING_FEATURE_MEMBER_IMPORT_VISIBILITY = YES;
				SWIFT_VERSION = 5.0;
				TARGETED_DEVICE_FAMILY = "1,2,7";
				TEST_HOST = "$(BUILT_PRODUCTS_DIR)/Iceometrics.app/$(BUNDLE_EXECUTABLE_FOLDER_PATH)/Iceometrics";
				XROS_DEPLOYMENT_TARGET = 27.0;
			};
			name = Debug;
		};
		089E02A8306955EC00941B29 /* Release */ = {
			isa = XCBuildConfiguration;
			buildSettings = {
				BUNDLE_LOADER = "$(TEST_HOST)";
				CODE_SIGN_STYLE = Automatic;
				CURRENT_PROJECT_VERSION = 1;
				DEVELOPMENT_TEAM = SX7R48K5CQ;
				GENERATE_INFOPLIST_FILE = YES;
				IPHONEOS_DEPLOYMENT_TARGET = 27.0;
				MACOSX_DEPLOYMENT_TARGET = 27.0;
				MARKETING_VERSION = 1.0;
				PRODUCT_BUNDLE_IDENTIFIER = com.akappy.IceometricsTests;
				PRODUCT_NAME = "$(TARGET_NAME)";
				SDKROOT = auto;
				STRING_CATALOG_GENERATE_SYMBOLS = NO;
				SUPPORTED_PLATFORMS = "iphoneos iphonesimulator macosx xros xrsimulator";
				SWIFT_APPROACHABLE_CONCURRENCY = YES;
				SWIFT_EMIT_LOC_STRINGS = NO;
				SWIFT_UPCOMING_FEATURE_MEMBER_IMPORT_VISIBILITY = YES;
				SWIFT_VERSION = 5.0;
				TARGETED_DEVICE_FAMILY = "1,2,7";
				TEST_HOST = "$(BUILT_PRODUCTS_DIR)/Iceometrics.app/$(BUNDLE_EXECUTABLE_FOLDER_PATH)/Iceometrics";
				XROS_DEPLOYMENT_TARGET = 27.0;
			};
			name = Release;
		};
		089E02AA306955EC00941B29 /* Debug */ = {
			isa = XCBuildConfiguration;
			buildSettings = {
				CODE_SIGN_STYLE = Automatic;
				CURRENT_PROJECT_VERSION = 1;
				DEVELOPMENT_TEAM = SX7R48K5CQ;
				GENERATE_INFOPLIST_FILE = YES;
				IPHONEOS_DEPLOYMENT_TARGET = 27.0;
				MACOSX_DEPLOYMENT_TARGET = 27.0;
				MARKETING_VERSION = 1.0;
				PRODUCT_BUNDLE_IDENTIFIER = com.akappy.IceometricsUITests;
				PRODUCT_NAME = "$(TARGET_NAME)";
				SDKROOT = auto;
				STRING_CATALOG_GENERATE_SYMBOLS = NO;
				SUPPORTED_PLATFORMS = "iphoneos iphonesimulator macosx xros xrsimulator";
				SWIFT_APPROACHABLE_CONCURRENCY = YES;
				SWIFT_EMIT_LOC_STRINGS = NO;
				SWIFT_UPCOMING_FEATURE_MEMBER_IMPORT_VISIBILITY = YES;
				SWIFT_VERSION = 5.0;
				TARGETED_DEVICE_FAMILY = "1,2,7";
				TEST_TARGET_NAME = Iceometrics;
				XROS_DEPLOYMENT_TARGET = 27.0;
			};
			name = Debug;
		};
		089E02AB306955EC00941B29 /* Release */ = {
			isa = XCBuildConfiguration;
			buildSettings = {
				CODE_SIGN_STYLE = Automatic;
				CURRENT_PROJECT_VERSION = 1;
				DEVELOPMENT_TEAM = SX7R48K5CQ;
				GENERATE_INFOPLIST_FILE = YES;
				IPHONEOS_DEPLOYMENT_TARGET = 27.0;
				MACOSX_DEPLOYMENT_TARGET = 27.0;
				MARKETING_VERSION = 1.0;
				PRODUCT_BUNDLE_IDENTIFIER = com.akappy.IceometricsUITests;
				PRODUCT_NAME = "$(TARGET_NAME)";
				SDKROOT = auto;
				STRING_CATALOG_GENERATE_SYMBOLS = NO;
				SUPPORTED_PLATFORMS = "iphoneos iphonesimulator macosx xros xrsimulator";
				SWIFT_APPROACHABLE_CONCURRENCY = YES;
				SWIFT_EMIT_LOC_STRINGS = NO;
				SWIFT_UPCOMING_FEATURE_MEMBER_IMPORT_VISIBILITY = YES;
				SWIFT_VERSION = 5.0;
				TARGETED_DEVICE_FAMILY = "1,2,7";
				TEST_TARGET_NAME = Iceometrics;
				XROS_DEPLOYMENT_TARGET = 27.0;
			};
			name = Release;
		};
		1DEEA80CC06AAC5DC57D3F56 /* Debug */ = {
			isa = XCBuildConfiguration;
			buildSettings = {
				APPLICATION_EXTENSION_API_ONLY = YES;
				CLANG_ENABLE_OBJC_WEAK = NO;
				CODE_SIGN_ENTITLEMENTS = IceometricsWidgets/IceometricsWidgets.entitlements;
				CODE_SIGN_STYLE = Automatic;
				DEVELOPMENT_TEAM = SX7R48K5CQ;
				GENERATE_INFOPLIST_FILE = NO;
				INFOPLIST_FILE = IceometricsWidgets/Info.plist;
				IPHONEOS_DEPLOYMENT_TARGET = 18.6;
				PRODUCT_BUNDLE_IDENTIFIER = com.akappy.Iceometrics.Widgets;
				PRODUCT_NAME = "$(TARGET_NAME)";
				SDKROOT = iphoneos;
				SKIP_INSTALL = YES;
				SWIFT_VERSION = 5.0;
				TARGETED_DEVICE_FAMILY = "1,2";
			};
			name = Debug;
		};
		4629422F3366405C9217C5B6 /* Release */ = {
			isa = XCBuildConfiguration;
			buildSettings = {
				APPLICATION_EXTENSION_API_ONLY = YES;
				CLANG_ENABLE_OBJC_WEAK = NO;
				CODE_SIGN_ENTITLEMENTS = IceometricsWidgets/IceometricsWidgets.entitlements;
				CODE_SIGN_STYLE = Automatic;
				DEVELOPMENT_TEAM = SX7R48K5CQ;
				GENERATE_INFOPLIST_FILE = NO;
				INFOPLIST_FILE = IceometricsWidgets/Info.plist;
				IPHONEOS_DEPLOYMENT_TARGET = 18.6;
				PRODUCT_BUNDLE_IDENTIFIER = com.akappy.Iceometrics.Widgets;
				PRODUCT_NAME = "$(TARGET_NAME)";
				SDKROOT = iphoneos;
				SKIP_INSTALL = YES;
				SWIFT_VERSION = 5.0;
				TARGETED_DEVICE_FAMILY = "1,2";
				VALIDATE_PRODUCT = YES;
			};
			name = Release;
		};
/* End XCBuildConfiguration section */

/* Begin XCConfigurationList section */
		089E027F306955EA00941B29 /* Build configuration list for PBXProject "Iceometrics" */ = {
			isa = XCConfigurationList;
			buildConfigurations = (
				089E02A1306955EC00941B29 /* Debug */,
				089E02A2306955EC00941B29 /* Release */,
			);
			defaultConfigurationIsVisible = 0;
			defaultConfigurationName = Release;
		};
		089E02A3306955EC00941B29 /* Build configuration list for PBXNativeTarget "Iceometrics" */ = {
			isa = XCConfigurationList;
			buildConfigurations = (
				089E02A4306955EC00941B29 /* Debug */,
				089E02A5306955EC00941B29 /* Release */,
			);
			defaultConfigurationIsVisible = 0;
			defaultConfigurationName = Release;
		};
		089E02A6306955EC00941B29 /* Build configuration list for PBXNativeTarget "IceometricsTests" */ = {
			isa = XCConfigurationList;
			buildConfigurations = (
				089E02A7306955EC00941B29 /* Debug */,
				089E02A8306955EC00941B29 /* Release */,
			);
			defaultConfigurationIsVisible = 0;
			defaultConfigurationName = Release;
		};
		089E02A9306955EC00941B29 /* Build configuration list for PBXNativeTarget "IceometricsUITests" */ = {
			isa = XCConfigurationList;
			buildConfigurations = (
				089E02AA306955EC00941B29 /* Debug */,
				089E02AB306955EC00941B29 /* Release */,
			);
			defaultConfigurationIsVisible = 0;
			defaultConfigurationName = Release;
		};
		2E156621D791A4AF2DD1B2BE /* Build configuration list for PBXNativeTarget "IceometricsWidgets" */ = {
			isa = XCConfigurationList;
			buildConfigurations = (
				4629422F3366405C9217C5B6 /* Release */,
				1DEEA80CC06AAC5DC57D3F56 /* Debug */,
			);
			defaultConfigurationIsVisible = 0;
			defaultConfigurationName = Release;
		};
/* End XCConfigurationList section */
	};
	rootObject = 089E027C306955EA00941B29 /* Project object */;
}
